
Microsoft Visual Studio Solution File, Format Version 12.00
# Visual Studio Version 17
VisualStudioVersion = 17.8.34511.84
MinimumVisualStudioVersion = 10.0.40219.1
Project("{9A19103F-16F7-4668-BE54-9A1E7A4F7556}") = "MyFinanceBL", "MyFinanceBL\MyFinanceBL.csproj", "{05976AFC-A87D-4AB8-84B1-E97BC541644F}"
EndProject
Project("{9A19103F-16F7-4668-BE54-9A1E7A4F7556}") = "DataAccess", "DataAccess\DataAccess.csproj", "{B07E34C2-61C7-49C1-BF6E-C2A41CC2D75E}"
EndProject
Project("{FAE04EC0-301F-11D3-BF4B-00C04F79EFBC}") = "MyFinanceMudUI", "MyFinanceMudUI\MyFinanceMudUI.csproj", "{8699296F-E706-4EFC-B06E-8E8187907C6B}"
EndProject
Global
	GlobalSection(SolutionConfigurationPlatforms) = preSolution
		Debug|Any CPU = Debug|Any CPU
		Release|Any CPU = Release|Any CPU
	EndGlobalSection
	GlobalSection(ProjectConfigurationPlatforms) = postSolution
		{05976AFC-A87D-4AB8-84B1-E97BC541644F}.Debug|Any CPU.ActiveCfg = Debug|Any CPU
		{05976AFC-A87D-4AB8-84B1-E97BC541644F}.Debug|Any CPU.Build.0 = Debug|Any CPU
		{05976AFC-A87D-4AB8-84B1-E97BC541644F}.Release|Any CPU.ActiveCfg = Release|Any CPU
		{05976AFC-A87D-4AB8-84B1-E97BC541644F}.Release|Any CPU.Build.0 = Release|Any CPU
		{B07E34C2-61C7-49C1-BF6E-C2A41CC2D75E}.Debug|Any CPU.ActiveCfg = Debug|Any CPU
		{B07E34C2-61C7-49C1-BF6E-C2A41CC2D75E}.Debug|Any CPU.Build.0 = Debug|Any CPU
		{B07E34C2-61C7-49C1-BF6E-C2A41CC2D75E}.Release|Any CPU.ActiveCfg = Release|Any CPU
		{B07E34C2-61C7-49C1-BF6E-C2A41CC2D75E}.Release|Any CPU.Build.0 = Release|Any CPU
		{8699296F-E706-4EFC-B06E-8E8187907C6B}.Debug|Any CPU.ActiveCfg = Debug|Any CPU
		{8699296F-E706-4EFC-B06E-8E8187907C6B}.Debug|Any CPU.Build.0 = Debug|Any CPU
		{8699296F-E706-4EFC-B06E-8E8187907C6B}.Release|Any CPU.ActiveCfg = Release|Any CPU
		{8699296F-E706-4EFC-B06E-8E8187907C6B}.Release|Any CPU.Build.0 = Release|Any CPU
	EndGlobalSection
	GlobalSection(SolutionProperties) = preSolution
		HideSolutionNode = FALSE
	EndGlobalSection
	GlobalSection(ExtensibilityGlobals) = postSolution
		SolutionGuid = {24F6460C-20BB-4656-A4BC-01A74E63D387}
	EndGlobalSection
EndGlobal
